// !$*UTF8*$!
{
	archiveVersion = 1;
	classes = {
	};
	objectVersion = 50;
	objects = {

/* Begin PBXBuildFile section */
		DF30718A235B3BD80042CDDE /* AppDelegate.swift in Sources */ = {isa = PBXBuildFile; fileRef = DF307189235B3BD80042CDDE /* AppDelegate.swift */; };
		DF307193235B3BD80042CDDE /* Assets.xcassets in Resources */ = {isa = PBXBuildFile; fileRef = DF307192235B3BD80042CDDE /* Assets.xcassets */; };
		DF307196235B3BD80042CDDE /* LaunchScreen.storyboard in Resources */ = {isa = PBXBuildFile; fileRef = DF307194235B3BD80042CDDE /* LaunchScreen.storyboard */; };
		DF30719E235B3C740042CDDE /* Main.storyboard in Resources */ = {isa = PBXBuildFile; fileRef = DF30719D235B3C740042CDDE /* Main.storyboard */; };
		DF3071A0235B3D270042CDDE /* MainTableViewController.swift in Sources */ = {isa = PBXBuildFile; fileRef = DF30719F235B3D270042CDDE /* MainTableViewController.swift */; };
		DF3071A3235B3D5E0042CDDE /* BKPlacePicker.framework in Frameworks */ = {isa = PBXBuildFile; fileRef = DF3071A2235B3D5E0042CDDE /* BKPlacePicker.framework */; };
		DF3071A4235B3D5E0042CDDE /* BKPlacePicker.framework in Embed Frameworks */ = {isa = PBXBuildFile; fileRef = DF3071A2235B3D5E0042CDDE /* BKPlacePicker.framework */; settings = {ATTRIBUTES = (CodeSignOnCopy, RemoveHeadersOnCopy, ); }; };
/* End PBXBuildFile section */

/* Begin PBXCopyFilesBuildPhase section */
		DF3071A5235B3D5E0042CDDE /* Embed Frameworks */ = {
			isa = PBXCopyFilesBuildPhase;
			buildActionMask = 2147483647;
			dstPath = "";
			dstSubfolderSpec = 10;
			files = (
				DF3071A4235B3D5E0042CDDE /* BKPlacePicker.framework in Embed Frameworks */,
			);
			name = "Embed Frameworks";
			runOnlyForDeploymentPostprocessing = 0;
		};
/* End PBXCopyFilesBuildPhase section */

/* Begin PBXFileReference section */
		DF307186235B3BD80042CDDE /* BKPlacePickerDemo.app */ = {isa = PBXFileReference; explicitFileType = wrapper.application; includeInIndex = 0; path = BKPlacePickerDemo.app; sourceTree = BUILT_PRODUCTS_DIR; };
		DF307189235B3BD80042CDDE /* AppDelegate.swift */ = {isa = PBXFileReference; lastKnownFileType = sourcecode.swift; path = AppDelegate.swift; sourceTree = "<group>"; };
		DF307192235B3BD80042CDDE /* Assets.xcassets */ = {isa = PBXFileReference; lastKnownFileType = folder.assetcatalog; path = Assets.xcassets; sourceTree = "<group>"; };
		DF307195235B3BD80042CDDE /* Base */ = {isa = PBXFileReference; lastKnownFileType = file.storyboard; name = Base; path = Base.lproj/LaunchScreen.storyboard; sourceTree = "<group>"; };
		DF307197235B3BD80042CDDE /* Info.plist */ = {isa = PBXFileReference; lastKnownFileType = text.plist.xml; path = Info.plist; sourceTree = "<group>"; };
		DF30719D235B3C740042CDDE /* Main.storyboard */ = {isa = PBXFileReference; lastKnownFileType = file.storyboard; path = Main.storyboard; sourceTree = "<group>"; };
		DF30719F235B3D270042CDDE /* MainTableViewController.swift */ = {isa = PBXFileReference; lastKnownFileType = sourcecode.swift; path = MainTableViewController.swift; sourceTree = "<group>"; };
		DF3071A2235B3D5E0042CDDE /* BKPlacePicker.framework */ = {isa = PBXFileReference; explicitFileType = wrapper.framework; path = BKPlacePicker.framework; sourceTree = BUILT_PRODUCTS_DIR; };
/* End PBXFileReference section */

/* Begin PBXFrameworksBuildPhase section */
		DF307183235B3BD80042CDDE /* Frameworks */ = {
			isa = PBXFrameworksBuildPhase;
			buildActionMask = 2147483647;
			files = (
				DF3071A3235B3D5E0042CDDE /* BKPlacePicker.framework in Frameworks */,
			);
			runOnlyForDeploymentPostprocessing = 0;
		};
/* End PBXFrameworksBuildPhase section */

/* Begin PBXGroup section */
		DF30717D235B3BD70042CDDE = {
			isa = PBXGroup;
			children = (
				DF307188235B3BD80042CDDE /* BKPlacePickerDemo */,
				DF307187235B3BD80042CDDE /* Products */,
				DF3071A1235B3D5E0042CDDE /* Frameworks */,
			);
			sourceTree = "<group>";
		};
		DF307187235B3BD80042CDDE /* Products */ = {
			isa = PBXGroup;
			children = (
				DF307186235B3BD80042CDDE /* BKPlacePickerDemo.app */,
			);
			name = Products;
			sourceTree = "<group>";
		};
		DF307188235B3BD80042CDDE /* BKPlacePickerDemo */ = {
			isa = PBXGroup;
			children = (
				DF307189235B3BD80042CDDE /* AppDelegate.swift */,
				DF30719F235B3D270042CDDE /* MainTableViewController.swift */,
				DF30719D235B3C740042CDDE /* Main.storyboard */,
				DF307192235B3BD80042CDDE /* Assets.xcassets */,
				DF307194235B3BD80042CDDE /* LaunchScreen.storyboard */,
				DF307197235B3BD80042CDDE /* Info.plist */,
			);
			path = BKPlacePickerDemo;
			sourceTree = "<group>";
		};
		DF3071A1235B3D5E0042CDDE /* Frameworks */ = {
			isa = PBXGroup;
			children = (
				DF3071A2235B3D5E0042CDDE /* BKPlacePicker.framework */,
			);
			name = Frameworks;
			sourceTree = "<group>";
		};
/* End PBXGroup section */

/* Begin PBXNativeTarget section */
		DF307185235B3BD80042CDDE /* BKPlacePickerDemo */ = {
			isa = PBXNativeTarget;
			buildConfigurationList = DF30719A235B3BD80042CDDE /* Build configuration list for PBXNativeTarget "BKPlacePickerDemo" */;
			buildPhases = (
				DF307182235B3BD80042CDDE /* Sources */,
				DF307183235B3BD80042CDDE /* Frameworks */,
				DF307184235B3BD80042CDDE /* Resources */,
				DF3071A5235B3D5E0042CDDE /* Embed Frameworks */,
			);
			buildRules = (
			);
			dependencies = (
			);
			name = BKPlacePickerDemo;
			productName = BKPlacePickerDemo;
			productReference = DF307186235B3BD80042CDDE /* BKPlacePickerDemo.app */;
			productType = "com.apple.product-type.application";
		};
/* End PBXNativeTarget section */

/* Begin PBXProject section */
		DF30717E235B3BD70042CDDE /* Project object */ = {
			isa = PBXProject;
			attributes = {
				LastSwiftUpdateCheck = 1110;
				LastUpgradeCheck = 1110;
				ORGANIZATIONNAME = "Byungkook Jang";
				TargetAttributes = {
					DF307185235B3BD80042CDDE = {
						CreatedOnToolsVersion = 11.1;
					};
				};
			};
			buildConfigurationList = DF307181235B3BD70042CDDE /* Build configuration list for PBXProject "BKPlacePickerDemo" */;
			compatibilityVersion = "Xcode 9.3";
			developmentRegion = en;
			hasScannedForEncodings = 0;
			knownRegions = (
				en,
				Base,
			);
			mainGroup = DF30717D235B3BD70042CDDE;
			productRefGroup = DF307187235B3BD80042CDDE /* Products */;
			projectDirPath = "";
			projectRoot = "";
			targets = (
				DF307185235B3BD80042CDDE /* BKPlacePickerDemo */,
			);
		};
/* End PBXProject section */

/* Begin PBXResourcesBuildPhase section */
		DF307184235B3BD80042CDDE /* Resources */ = {
			isa = PBXResourcesBuildPhase;
			buildActionMask = 2147483647;
			files = (
				DF30719E235B3C740042CDDE /* Main.storyboard in Resources */,
				DF307196235B3BD80042CDDE /* LaunchScreen.storyboard in Resources */,
				DF307193235B3BD80042CDDE /* Assets.xcassets in Resources */,
			);
			runOnlyForDeploymentPostprocessing = 0;
		};
/* End PBXResourcesBuildPhase section */

/* Begin PBXSourcesBuildPhase section */
		DF307182235B3BD80042CDDE /* Sources */ = {
			isa = PBXSourcesBuildPhase;
			buildActionMask = 2147483647;
			files = (
				DF3071A0235B3D270042CDDE /* MainTableViewController.swift in Sources */,
				DF30718A235B3BD80042CDDE /* AppDelegate.swift in Sources */,
			);
			runOnlyForDeploymentPostprocessing = 0;
		};
/* End PBXSourcesBuildPhase section */

/* Begin PBXVariantGroup section */
		DF307194235B3BD80042CDDE /* LaunchScreen.storyboard */ = {
			isa = PBXVariantGroup;
			children = (
				DF307195235B3BD80042CDDE /* Base */,
			);
			name = LaunchScreen.storyboard;
			sourceTree = "<group>";
		};
/* End PBXVariantGroup section */

/* Begin XCBuildConfiguration section */
		DF307198235B3BD80042CDDE /* Debug */ = {
			isa = XCBuildConfiguration;
			buildSettings = {
				ALWAYS_SEARCH_USER_PATHS = NO;
				CLANG_ANALYZER_NONNULL = YES;
				CLANG_ANALYZER_NUMBER_OBJECT_CONVERSION = YES_AGGRESSIVE;
				CLANG_CXX_LANGUAGE_STANDARD = "gnu++14";
				CLANG_CXX_LIBRARY = "libc++";
				CLANG_ENABLE_MODULES = YES;
				CLANG_ENABLE_OBJC_ARC = YES;
				CLANG_ENABLE_OBJC_WEAK = YES;
				CLANG_WARN_BLOCK_CAPTURE_AUTORELEASING = YES;
				CLANG_WARN_BOOL_CONVERSION = YES;
				CLANG_WARN_COMMA = YES;
				CLANG_WARN_CONSTANT_CONVERSION = YES;
				CLANG_WARN_DEPRECATED_OBJC_IMPLEMENTATIONS = YES;
				CLANG_WARN_DIRECT_OBJC_ISA_USAGE = YES_ERROR;
				CLANG_WARN_DOCUMENTATION_COMMENTS = YES;
				CLANG_WARN_EMPTY_BODY = YES;
				CLANG_WARN_ENUM_CONVERSION = YES;
				CLANG_WARN_INFINITE_RECURSION = YES;
				CLANG_WARN_INT_CONVERSION = YES;
				CLANG_WARN_NON_LITERAL_NULL_CONVERSION = YES;
				CLANG_WARN_OBJC_IMPLICIT_RETAIN_SELF = YES;
				CLANG_WARN_OBJC_LITERAL_CONVERSION = YES;
				CLANG_WARN_OBJC_ROOT_CLASS = YES_ERROR;
				CLANG_WARN_RANGE_LOOP_ANALYSIS = YES;
				CLANG_WARN_STRICT_PROTOTYPES = YES;
				CLANG_WARN_SUSPICIOUS_MOVE = YES;
				CLANG_WARN_UNGUARDED_AVAILABILITY = YES_AGGRESSIVE;
				CLANG_WARN_UNREACHABLE_CODE = YES;
				CLANG_WARN__DUPLICATE_METHOD_MATCH = YES;
				COPY_PHASE_STRIP = NO;
				DEBUG_INFORMATION_FORMAT = dwarf;
				ENABLE_STRICT_OBJC_MSGSEND = YES;
				ENABLE_TESTABILITY = YES;
				GCC_C_LANGUAGE_STANDARD = gnu11;
				GCC_DYNAMIC_NO_PIC = NO;
				GCC_NO_COMMON_BLOCKS = YES;
				GCC_OPTIMIZATION_LEVEL = 0;
				GCC_PREPROCESSOR_DEFINITIONS = (
					"DEBUG=1",
					"$(inherited)",
				);
				GCC_WARN_64_TO_32_BIT_CONVERSION = YES;
				GCC_WARN_ABOUT_RETURN_TYPE = YES_ERROR;
				GCC_WARN_UNDECLARED_SELECTOR = YES;
				GCC_WARN_UNINITIALIZED_AUTOS = YES_AGGRESSIVE;
				GCC_WARN_UNUSED_FUNCTION = YES;
				GCC_WARN_UNUSED_VARIABLE = YES;
				IPHONEOS_DEPLOYMENT_TARGET = 10.0;
				MTL_ENABLE_DEBUG_INFO = INCLUDE_SOURCE;
				MTL_FAST_MATH = YES;
				ONLY_ACTIVE_ARCH = YES;
				SDKROOT = iphoneos;
				SWIFT_ACTIVE_COMPILATION_CONDITIONS = DEBUG;
				SWIFT_OPTIMIZATION_LEVEL = "-Onone";
			};
			name = Debug;
		};
		DF307199235B3BD80042CDDE /* Release */ = {
			isa = XCBuildConfiguration;
			buildSettings = {
				ALWAYS_SEARCH_USER_PATHS = NO;
				CLANG_ANALYZER_NONNULL = YES;
				CLANG_ANALYZER_NUMBER_OBJECT_CONVERSION = YES_AGGRESSIVE;
				CLANG_CXX_LANGUAGE_STANDARD = "gnu++14";
				CLANG_CXX_LIBRARY = "libc++";
				CLANG_ENABLE_MODULES = YES;
				CLANG_ENABLE_OBJC_ARC = YES;
				CLANG_ENABLE_OBJC_WEAK = YES;
				CLANG_WARN_BLOCK_CAPTURE_AUTORELEASING = YES;
				CLANG_WARN_BOOL_CONVERSION = YES;
				CLANG_WARN_COMMA = YES;
				CLANG_WARN_CONSTANT_CONVERSION = YES;
				CLANG_WARN_DEPRECATED_OBJC_IMPLEMENTATIONS = YES;
				CLANG_WARN_DIRECT_OBJC_ISA_USAGE = YES_ERROR;
				CLANG_WARN_DOCUMENTATION_COMMENTS = YES;
				CLANG_WARN_EMPTY_BODY = YES;
				CLANG_WARN_ENUM_CONVERSION = YES;
				CLANG_WARN_INFINITE_RECURSION = YES;
				CLANG_WARN_INT_CONVERSION = YES;
				CLANG_WARN_NON_LITERAL_NULL_CONVERSION = YES;
				CLANG_WARN_OBJC_IMPLICIT_RETAIN_SELF = YES;
				CLANG_WARN_OBJC_LITERAL_CONVERSION = YES;
				CLANG_WARN_OBJC_ROOT_CLASS = YES_ERROR;
				CLANG_WARN_RANGE_LOOP_ANALYSIS = YES;
				CLANG_WARN_STRICT_PROTOTYPES = YES;
				CLANG_WARN_SUSPICIOUS_MOVE = YES;
				CLANG_WARN_UNGUARDED_AVAILABILITY = YES_AGGRESSIVE;
				CLANG_WARN_UNREACHABLE_CODE = YES;
				CLANG_WARN__DUPLICATE_METHOD_MATCH = YES;
				COPY_PHASE_STRIP = NO;
				DEBUG_INFORMATION_FORMAT = "dwarf-with-dsym";
				ENABLE_NS_ASSERTIONS = NO;
				ENABLE_STRICT_OBJC_MSGSEND = YES;
				GCC_C_LANGUAGE_STANDARD = gnu11;
				GCC_NO_COMMON_BLOCKS = YES;
				GCC_WARN_64_TO_32_BIT_CONVERSION = YES;
				GCC_WARN_ABOUT_RETURN_TYPE = YES_ERROR;
				GCC_WARN_UNDECLARED_SELECTOR = YES;
				GCC_WARN_UNINITIALIZED_AUTOS = YES_AGGRESSIVE;
				GCC_WARN_UNUSED_FUNCTION = YES;
				GCC_WARN_UNUSED_VARIABLE = YES;
				IPHONEOS_DEPLOYMENT_TARGET = 10.0;
				MTL_ENABLE_DEBUG_INFO = NO;
				MTL_FAST_MATH = YES;
				SDKROOT = iphoneos;
				SWIFT_COMPILATION_MODE = wholemodule;
				SWIFT_OPTIMIZATION_LEVEL = "-O";
				VALIDATE_PRODUCT = YES;
			};
			name = Release;
		};
		DF30719B235B3BD80042CDDE /* Debug */ = {
			isa = XCBuildConfiguration;
			buildSettings = {
				ASSETCATALOG_COMPILER_APPICON_NAME = AppIcon;
				CODE_SIGN_STYLE = Automatic;
				INFOPLIST_FILE = BKPlacePickerDemo/Info.plist;
				LD_RUNPATH_SEARCH_PATHS = (
					"$(inherited)",
					"@executable_path/Frameworks",
				);
				PRODUCT_BUNDLE_IDENTIFIER = com.bkoook.BKPlacePickerDemo;
				PRODUCT_NAME = "$(TARGET_NAME)";
				SWIFT_VERSION = 5.0;
				TARGETED_DEVICE_FAMILY = "1,2";
			};
			name = Debug;
		};
		DF30719C235B3BD80042CDDE /* Release */ = {
			isa = XCBuildConfiguration;
			buildSettings = {
				ASSETCATALOG_COMPILER_APPICON_NAME = AppIcon;
				CODE_SIGN_STYLE = Automatic;
				INFOPLIST_FILE = BKPlacePickerDemo/Info.plist;
				LD_RUNPATH_SEARCH_PATHS = (
					"$(inherited)",
					"@executable_path/Frameworks",
				);
				PRODUCT_BUNDLE_IDENTIFIER = com.bkoook.BKPlacePickerDemo;
				PRODUCT_NAME = "$(TARGET_NAME)";
				SWIFT_VERSION = 5.0;
				TARGETED_DEVICE_FAMILY = "1,2";
			};
			name = Release;
		};
/* End XCBuildConfiguration section */

/* Begin XCConfigurationList section */
		DF307181235B3BD70042CDDE /* Build configuration list for PBXProject "BKPlacePickerDemo" */ = {
			isa = XCConfigurationList;
			buildConfigurations = (
				DF307198235B3BD80042CDDE /* Debug */,
				DF307199235B3BD80042CDDE /* Release */,
			);
			defaultConfigurationIsVisible = 0;
			defaultConfigurationName = Release;
		};
		DF30719A235B3BD80042CDDE /* Build configuration list for PBXNativeTarget "BKPlacePickerDemo" */ = {
			isa = XCConfigurationList;
			buildConfigurations = (
				DF30719B235B3BD80042CDDE /* Debug */,
				DF30719C235B3BD80042CDDE /* Release */,
			);
			defaultConfigurationIsVisible = 0;
			defaultConfigurationName = Release;
		};
/* End XCConfigurationList section */
	};
	rootObject = DF30717E235B3BD70042CDDE /* Project object */;
}
